{
    "_readme": [
        "This file locks the dependencies of your project to a known state",
        "Read more about it at https://getcomposer.org/doc/01-basic-usage.md#composer-lock-the-lock-file",
        "This file is @generated automatically"
    ],
    "hash": "28559ab1e0c291a7bd05eb83afdd2c26",
    "content-hash": "e891895e96f9d9b4e78df4aae17e0506",
    "packages": [
        {
            "name": "composer/installers",
            "version": "v1.1.0",
            "source": {
                "type": "git",
                "url": "https://github.com/composer/installers.git",
                "reference": "a3595c5272a6f247228abb20076ed27321e4aae9"
            },
            "dist": {
                "type": "zip",
                "url": "https://api.github.com/repos/composer/installers/zipball/a3595c5272a6f247228abb20076ed27321e4aae9",
                "reference": "a3595c5272a6f247228abb20076ed27321e4aae9",
                "shasum": ""
            },
            "require": {
                "composer-plugin-api": "^1.0"
            },
            "replace": {
                "roundcube/plugin-installer": "*",
                "shama/baton": "*"
            },
            "require-dev": {
                "composer/composer": "1.0.*@dev",
                "phpunit/phpunit": "4.1.*"
            },
            "type": "composer-plugin",
            "extra": {
                "class": "Composer\\Installers\\Plugin",
                "branch-alias": {
                    "dev-master": "1.0-dev"
                }
            },
            "autoload": {
                "psr-4": {
                    "Composer\\Installers\\": "src/Composer/Installers"
                }
            },
            "notification-url": "https://packagist.org/downloads/",
            "license": [
                "MIT"
            ],
            "authors": [
                {
                    "name": "Kyle Robinson Young",
                    "email": "kyle@dontkry.com",
                    "homepage": "https://github.com/shama"
                }
            ],
            "description": "A multi-framework Composer library installer",
            "homepage": "https://composer.github.io/installers/",
            "keywords": [
                "Craft",
                "Dolibarr",
                "Hurad",
                "ImageCMS",
                "MODX Evo",
                "Mautic",
                "OXID",
                "RadPHP",
                "SMF",
                "Thelia",
                "WolfCMS",
                "agl",
                "aimeos",
                "annotatecms",
                "bitrix",
                "cakephp",
                "chef",
                "codeigniter",
                "concrete5",
                "croogo",
                "dokuwiki",
                "drupal",
                "elgg",
                "expressionengine",
                "fuelphp",
                "grav",
                "installer",
                "joomla",
                "kohana",
                "laravel",
                "lithium",
                "magento",
                "mako",
                "mediawiki",
                "modulework",
                "moodle",
                "phpbb",
                "piwik",
                "ppi",
                "puppet",
                "roundcube",
                "shopware",
                "silverstripe",
                "symfony",
                "typo3",
                "wordpress",
                "zend",
                "zikula"
            ],
            "time": "2016-07-05 06:18:20"
        },
        {
            "name": "johnpbloch/wordpress",
            "version": "4.6",
            "source": {
                "type": "git",
                "url": "https://github.com/johnpbloch/wordpress.git",
                "reference": "1fb4b67e331d82f9061eaf3fcbc94163db85c135"
            },
            "dist": {
                "type": "zip",
                "url": "https://api.github.com/repos/johnpbloch/wordpress/zipball/1fb4b67e331d82f9061eaf3fcbc94163db85c135",
                "reference": "1fb4b67e331d82f9061eaf3fcbc94163db85c135",
                "shasum": ""
            },
            "require": {
                "johnpbloch/wordpress-core-installer": "~0.2",
                "php": ">=5.3.2"
            },
            "type": "wordpress-core",
            "notification-url": "https://packagist.org/downloads/",
            "license": [
                "GPL-2.0+"
            ],
            "authors": [
                {
                    "name": "WordPress Community",
                    "homepage": "http://wordpress.org/about/"
                }
            ],
            "description": "WordPress is web software you can use to create a beautiful website or blog.",
            "homepage": "http://wordpress.org/",
            "keywords": [
                "blog",
                "cms"
            ],
            "time": "2016-08-16 18:32:04"
        },
        {
            "name": "johnpbloch/wordpress-core-installer",
            "version": "0.2.1",
            "source": {
                "type": "git",
                "url": "https://github.com/johnpbloch/wordpress-core-installer.git",
                "reference": "a04c2c383ef13aae077f36799ed2eafdebd618d2"
            },
            "dist": {
                "type": "zip",
                "url": "https://api.github.com/repos/johnpbloch/wordpress-core-installer/zipball/a04c2c383ef13aae077f36799ed2eafdebd618d2",
                "reference": "a04c2c383ef13aae077f36799ed2eafdebd618d2",
                "shasum": ""
            },
            "require": {
                "composer-plugin-api": "^1.0"
            },
            "conflict": {
                "composer/installers": "<1.0.6"
            },
            "require-dev": {
                "composer/composer": "1.0.*@dev"
            },
            "type": "composer-plugin",
            "extra": {
                "class": "johnpbloch\\Composer\\WordPressCorePlugin"
            },
            "autoload": {
                "psr-0": {
                    "johnpbloch\\Composer\\": "src/"
                }
            },
            "notification-url": "https://packagist.org/downloads/",
            "license": [
                "GPL-2.0+"
            ],
            "authors": [
                {
                    "name": "John P. Bloch",
                    "email": "me@johnpbloch.com"
                }
            ],
            "description": "A custom installer to handle deploying WordPress with composer",
            "keywords": [
                "wordpress"
            ],
            "time": "2015-06-11 15:15:30"
        },
        {
            "name": "mnsami/composer-custom-directory-installer",
            "version": "1.1.0",
            "source": {
                "type": "git",
                "url": "https://github.com/mnsami/composer-custom-directory-installer.git",
                "reference": "0d4a476e54063f0da191224a27e505f5ad6e15ff"
            },
            "dist": {
                "type": "zip",
                "url": "https://api.github.com/repos/mnsami/composer-custom-directory-installer/zipball/0d4a476e54063f0da191224a27e505f5ad6e15ff",
                "reference": "0d4a476e54063f0da191224a27e505f5ad6e15ff",
                "shasum": ""
            },
            "require": {
                "composer-plugin-api": "^1.0",
                "php": ">=5.3"
            },
            "type": "composer-plugin",
            "extra": {
                "class": [
                    "Composer\\CustomDirectoryInstaller\\LibraryPlugin",
                    "Composer\\CustomDirectoryInstaller\\PearPlugin",
                    "Composer\\CustomDirectoryInstaller\\PluginPlugin",
                    "Composer\\CustomDirectoryInstaller\\MetapackagePlugin"
                ],
                "branch-alias": {
                    "dev-master": "1.1.x-dev"
                }
            },
            "autoload": {
                "psr-0": {
                    "Composer\\CustomDirectoryInstaller": "src/"
                }
            },
            "notification-url": "https://packagist.org/downloads/",
            "license": [
                "MIT"
            ],
            "authors": [
                {
                    "name": "Mina Nabil Sami",
                    "email": "mina.nsami@gmail.com"
                }
            ],
            "description": "A composer plugin, to help install packages of different types in custom paths.",
            "keywords": [
                "composer",
                "composer-installer",
                "composer-plugin"
            ],
            "time": "2016-02-04 14:48:35"
        },
        {
            "name": "myhotelshop/base-theme",
            "version": "dev-master",
            "source": {
                "type": "git",
                "url": "git@bitbucket.org:webdevmedia/myhotelshop-base-theme.git",
                "reference": "4179e4a5b6b579f9d236f140dad2ce79544bd35c"
            },
            "require": {
                "php": ">=5.3"
            },
            "type": "wordpress-theme",
            "license": [
                "GPL-2.0"
            ],
            "time": "2016-08-10 15:10:25"
        },
        {
            "name": "myhotelshop/cpt-inhaltselemente-plugin",
            "version": "dev-master",
            "source": {
                "type": "git",
                "url": "git@bitbucket.org:webdevmedia/cpt-inhaltselemente-plugin.git",
                "reference": "26d417262a7b36bab2546794be4b297404de4b0e"
            },
            "require": {
                "php": ">=5.3"
            },
            "type": "wordpress-plugin",
            "license": [
                "GPL-2.0"
            ],
            "time": "2016-08-17 06:34:29"
        },
        {
            "name": "myhotelshop/ibe-widget",
            "version": "dev-master",
            "source": {
                "type": "git",
                "url": "git@bitbucket.org:webdevmedia/myhotelshop-booking-widget.git",
                "reference": "f88fde376ef7632f0b6032d131a7454dda189ae2"
            },
            "require": {
                "composer/installers": "~1.0",
                "php": ">=5.3"
            },
            "type": "wordpress-plugin",
            "license": [
                "GPL-2.0"
            ],
            "time": "2016-08-20 15:26:20"
        },
        {
            "name": "myhotelshop/m-privathotels-theme",
            "version": "dev-master",
            "source": {
                "type": "git",
                "url": "git@bitbucket.org:webdevmedia/m-privathotels-theme.git",
                "reference": "53b294768d74604bf0bbaa188e7dd30d47fb695a"
            },
            "require": {
                "php": ">=5.3"
            },
            "type": "wordpress-theme",
            "license": [
                "GPL-2.0"
            ],
            "time": "2016-08-23 18:59:56"
        },
        {
            "name": "myhotelshop/uploads",
            "version": "dev-master",
            "source": {
                "type": "git",
                "url": "git@bitbucket.org:webdevmedia/uploads.git",
                "reference": "master"
            },
            "type": "library",
            "time": "2016-08-23 19:02:45"
        },
        {
            "name": "vagrant",
            "version": "1.3.1",
            "source": {
                "type": "git",
                "url": "https://github.com/derpixler/vagrant-apache-php-mysql.git",
                "reference": "1.3.1"
            },
            "type": "library"
        },
        {
            "name": "wpackagist-plugin/ml-slider",
            "version": "3.3.7",
            "source": {
                "type": "svn",
                "url": "https://plugins.svn.wordpress.org/ml-slider/",
                "reference": "tags/3.3.7"
            },
            "dist": {
                "type": "zip",
                "url": "https://downloads.wordpress.org/plugin/ml-slider.3.3.7.zip",
                "reference": null,
                "shasum": null
            },
            "require": {
                "composer/installers": "~1.0"
            },
            "type": "wordpress-plugin",
            "homepage": "https://wordpress.org/plugins/ml-slider/"
        },
        {
            "name": "wpackagist-plugin/multilingual-press",
            "version": "2.4.7",
            "source": {
                "type": "svn",
                "url": "https://plugins.svn.wordpress.org/multilingual-press/",
                "reference": "tags/2.4.7"
            },
            "dist": {
                "type": "zip",
                "url": "https://downloads.wordpress.org/plugin/multilingual-press.2.4.7.zip",
                "reference": null,
                "shasum": null
            },
            "require": {
                "composer/installers": "~1.0"
            },
            "type": "wordpress-plugin",
            "homepage": "https://wordpress.org/plugins/multilingual-press/"
        },
        {
            "name": "wpackagist-plugin/wp-multi-network",
            "version": "1.8.1",
            "source": {
                "type": "svn",
                "url": "https://plugins.svn.wordpress.org/wp-multi-network/",
                "reference": "trunk"
            },
            "dist": {
                "type": "zip",
                "url": "https://downloads.wordpress.org/plugin/wp-multi-network.zip",
                "reference": null,
                "shasum": null
            },
            "require": {
                "composer/installers": "~1.0"
            },
            "type": "wordpress-plugin",
            "homepage": "https://wordpress.org/plugins/wp-multi-network/"
        }
    ],
    "packages-dev": [],
    "aliases": [],
    "minimum-stability": "stable",
    "stability-flags": {
        "myhotelshop/ibe-widget": 20,
        "myhotelshop/uploads": 20,
        "myhotelshop/base-theme": 20,
        "myhotelshop/m-privathotels-theme": 20,
        "myhotelshop/cpt-inhaltselemente-plugin": 20
    },
    "prefer-stable": false,
    "prefer-lowest": false,
    "platform": {
        "php": ">=5.3.0"
    },
    "platform-dev": []
}
